
Microsoft Visual Studio Solution File, Format Version 12.00
# Visual Studio Version 17
VisualStudioVersion = 17.14.37111.16
MinimumVisualStudioVersion = 10.0.40219.1
Project("{FAE04EC0-301F-11D3-BF4B-00C04F79EFBC}") = "Program", "Program.csproj", "{DACFC018-5B62-40FA-8D43-C53B0E606C91}"
EndProject
Project("{FAE04EC0-301F-11D3-BF4B-00C04F79EFBC}") = "Class1th (Garbage Collection)", "..\Class1th (Garbage Collection)\Class1th (Garbage Collection).csproj", "{B9F37872-6E8C-407A-8706-12366763B506}"
EndProject
Project("{FAE04EC0-301F-11D3-BF4B-00C04F79EFBC}") = "Class2th (Parameter Modifier)", "..\Class2th (Parameter Modifier)\Class2th (Parameter Modifier).csproj", "{F29378A5-C996-46EB-A671-EC1F7718E1F3}"
EndProject
Project("{FAE04EC0-301F-11D3-BF4B-00C04F79EFBC}") = "Class3th (Abstract Class)", "..\Class3th (Abstract Class)\Class3th (Abstract Class).csproj", "{E06B158C-9C5A-4450-B2BE-C619F2A792E3}"
EndProject
Project("{FAE04EC0-301F-11D3-BF4B-00C04F79EFBC}") = "Class4th (Interface)", "..\Class4th (Interface)\Class4th (Interface).csproj", "{5EEE8B08-16FD-46EB-8E34-23D5F9A00A81}"
EndProject
Project("{FAE04EC0-301F-11D3-BF4B-00C04F79EFBC}") = "Class5th (Generalization)", "..\Class5th (Generalization)\Class5th (Generalization).csproj", "{1DBBF761-3DA1-4973-8A4F-E0FDF71B2336}"
EndProject
Project("{FAE04EC0-301F-11D3-BF4B-00C04F79EFBC}") = "Class6th (Collections)", "..\Class6th (Collections)\Class6th (Collections).csproj", "{EF948B96-3361-45B7-97BF-B29DA5371AFE}"
EndProject
Project("{FAE04EC0-301F-11D3-BF4B-00C04F79EFBC}") = "Class7th (Enumerator)", "..\Class7th (Enumerator)\Class7th (Enumerator).csproj", "{1C964301-57DC-42D3-95EA-2DD8924539C6}"
EndProject
Project("{FAE04EC0-301F-11D3-BF4B-00C04F79EFBC}") = "Class8th (Delegate)", "..\Class8th (Delegate)\Class8th (Delegate).csproj", "{1DE707CD-4402-43B8-A5EE-9BCC6B39E31E}"
EndProject
Project("{FAE04EC0-301F-11D3-BF4B-00C04F79EFBC}") = "Class9th (Single Responsibility Principle)", "..\Class9th (Single Responsibility Principle)\Class9th (Single Responsibility Principle).csproj", "{26883583-F60C-41C2-8BF8-564EC4CF1DA7}"
EndProject
Project("{FAE04EC0-301F-11D3-BF4B-00C04F79EFBC}") = "Class10th (Open Closed Principle)", "..\Class10th (Open Closed Principle)\Class10th (Open Closed Principle).csproj", "{27755E9E-9A12-40A6-9616-87693ABE680D}"
EndProject
Project("{FAE04EC0-301F-11D3-BF4B-00C04F79EFBC}") = "Class11th (Interface Segregation Principle)", "..\Class11th (Interface Segregation Principle)\Class11th (Interface Segregation Principle).csproj", "{72497840-208F-40BF-863D-99401B6ADD5F}"
EndProject
Project("{FAE04EC0-301F-11D3-BF4B-00C04F79EFBC}") = "Class12th (Dependency inmw)", "..\Class12th (Dependency inmw)\Class12th (Dependency inmw).csproj", "{5380DFFD-6724-4081-8E66-4D4301EA921D}"
EndProject
Project("{FAE04EC0-301F-11D3-BF4B-00C04F79EFBC}") = "Class13th (Liskov Substitution Principle)", "..\Class13th (Liskov Substitution Principle)\Class13th (Liskov Substitution Principle).csproj", "{056D93E1-DAE1-4C99-93D8-C1971E99DECA}"
EndProject
Global
	GlobalSection(SolutionConfigurationPlatforms) = preSolution
		Debug|Any CPU = Debug|Any CPU
		Release|Any CPU = Release|Any CPU
	EndGlobalSection
	GlobalSection(ProjectConfigurationPlatforms) = postSolution
		{DACFC018-5B62-40FA-8D43-C53B0E606C91}.Debug|Any CPU.ActiveCfg = Debug|Any CPU
		{DACFC018-5B62-40FA-8D43-C53B0E606C91}.Debug|Any CPU.Build.0 = Debug|Any CPU
		{DACFC018-5B62-40FA-8D43-C53B0E606C91}.Release|Any CPU.ActiveCfg = Release|Any CPU
		{DACFC018-5B62-40FA-8D43-C53B0E606C91}.Release|Any CPU.Build.0 = Release|Any CPU
		{B9F37872-6E8C-407A-8706-12366763B506}.Debug|Any CPU.ActiveCfg = Debug|Any CPU
		{B9F37872-6E8C-407A-8706-12366763B506}.Debug|Any CPU.Build.0 = Debug|Any CPU
		{B9F37872-6E8C-407A-8706-12366763B506}.Release|Any CPU.ActiveCfg = Release|Any CPU
		{B9F37872-6E8C-407A-8706-12366763B506}.Release|Any CPU.Build.0 = Release|Any CPU
		{F29378A5-C996-46EB-A671-EC1F7718E1F3}.Debug|Any CPU.ActiveCfg = Debug|Any CPU
		{F29378A5-C996-46EB-A671-EC1F7718E1F3}.Debug|Any CPU.Build.0 = Debug|Any CPU
		{F29378A5-C996-46EB-A671-EC1F7718E1F3}.Release|Any CPU.ActiveCfg = Release|Any CPU
		{F29378A5-C996-46EB-A671-EC1F7718E1F3}.Release|Any CPU.Build.0 = Release|Any CPU
		{E06B158C-9C5A-4450-B2BE-C619F2A792E3}.Debug|Any CPU.ActiveCfg = Debug|Any CPU
		{E06B158C-9C5A-4450-B2BE-C619F2A792E3}.Debug|Any CPU.Build.0 = Debug|Any CPU
		{E06B158C-9C5A-4450-B2BE-C619F2A792E3}.Release|Any CPU.ActiveCfg = Release|Any CPU
		{E06B158C-9C5A-4450-B2BE-C619F2A792E3}.Release|Any CPU.Build.0 = Release|Any CPU
		{5EEE8B08-16FD-46EB-8E34-23D5F9A00A81}.Debug|Any CPU.ActiveCfg = Debug|Any CPU
		{5EEE8B08-16FD-46EB-8E34-23D5F9A00A81}.Debug|Any CPU.Build.0 = Debug|Any CPU
		{5EEE8B08-16FD-46EB-8E34-23D5F9A00A81}.Release|Any CPU.ActiveCfg = Release|Any CPU
		{5EEE8B08-16FD-46EB-8E34-23D5F9A00A81}.Release|Any CPU.Build.0 = Release|Any CPU
		{1DBBF761-3DA1-4973-8A4F-E0FDF71B2336}.Debug|Any CPU.ActiveCfg = Debug|Any CPU
		{1DBBF761-3DA1-4973-8A4F-E0FDF71B2336}.Debug|Any CPU.Build.0 = Debug|Any CPU
		{1DBBF761-3DA1-4973-8A4F-E0FDF71B2336}.Release|Any CPU.ActiveCfg = Release|Any CPU
		{1DBBF761-3DA1-4973-8A4F-E0FDF71B2336}.Release|Any CPU.Build.0 = Release|Any CPU
		{EF948B96-3361-45B7-97BF-B29DA5371AFE}.Debug|Any CPU.ActiveCfg = Debug|Any CPU
		{EF948B96-3361-45B7-97BF-B29DA5371AFE}.Debug|Any CPU.Build.0 = Debug|Any CPU
		{EF948B96-3361-45B7-97BF-B29DA5371AFE}.Release|Any CPU.ActiveCfg = Release|Any CPU
		{EF948B96-3361-45B7-97BF-B29DA5371AFE}.Release|Any CPU.Build.0 = Release|Any CPU
		{1C964301-57DC-42D3-95EA-2DD8924539C6}.Debug|Any CPU.ActiveCfg = Debug|Any CPU
		{1C964301-57DC-42D3-95EA-2DD8924539C6}.Debug|Any CPU.Build.0 = Debug|Any CPU
		{1C964301-57DC-42D3-95EA-2DD8924539C6}.Release|Any CPU.ActiveCfg = Release|Any CPU
		{1C964301-57DC-42D3-95EA-2DD8924539C6}.Release|Any CPU.Build.0 = Release|Any CPU
		{1DE707CD-4402-43B8-A5EE-9BCC6B39E31E}.Debug|Any CPU.ActiveCfg = Debug|Any CPU
		{1DE707CD-4402-43B8-A5EE-9BCC6B39E31E}.Debug|Any CPU.Build.0 = Debug|Any CPU
		{1DE707CD-4402-43B8-A5EE-9BCC6B39E31E}.Release|Any CPU.ActiveCfg = Release|Any CPU
		{1DE707CD-4402-43B8-A5EE-9BCC6B39E31E}.Release|Any CPU.Build.0 = Release|Any CPU
		{26883583-F60C-41C2-8BF8-564EC4CF1DA7}.Debug|Any CPU.ActiveCfg = Debug|Any CPU
		{26883583-F60C-41C2-8BF8-564EC4CF1DA7}.Debug|Any CPU.Build.0 = Debug|Any CPU
		{26883583-F60C-41C2-8BF8-564EC4CF1DA7}.Release|Any CPU.ActiveCfg = Release|Any CPU
		{26883583-F60C-41C2-8BF8-564EC4CF1DA7}.Release|Any CPU.Build.0 = Release|Any CPU
		{27755E9E-9A12-40A6-9616-87693ABE680D}.Debug|Any CPU.ActiveCfg = Debug|Any CPU
		{27755E9E-9A12-40A6-9616-87693ABE680D}.Debug|Any CPU.Build.0 = Debug|Any CPU
		{27755E9E-9A12-40A6-9616-87693ABE680D}.Release|Any CPU.ActiveCfg = Release|Any CPU
		{27755E9E-9A12-40A6-9616-87693ABE680D}.Release|Any CPU.Build.0 = Release|Any CPU
		{72497840-208F-40BF-863D-99401B6ADD5F}.Debug|Any CPU.ActiveCfg = Debug|Any CPU
		{72497840-208F-40BF-863D-99401B6ADD5F}.Debug|Any CPU.Build.0 = Debug|Any CPU
		{72497840-208F-40BF-863D-99401B6ADD5F}.Release|Any CPU.ActiveCfg = Release|Any CPU
		{72497840-208F-40BF-863D-99401B6ADD5F}.Release|Any CPU.Build.0 = Release|Any CPU
		{5380DFFD-6724-4081-8E66-4D4301EA921D}.Debug|Any CPU.ActiveCfg = Debug|Any CPU
		{5380DFFD-6724-4081-8E66-4D4301EA921D}.Debug|Any CPU.Build.0 = Debug|Any CPU
		{5380DFFD-6724-4081-8E66-4D4301EA921D}.Release|Any CPU.ActiveCfg = Release|Any CPU
		{5380DFFD-6724-4081-8E66-4D4301EA921D}.Release|Any CPU.Build.0 = Release|Any CPU
		{056D93E1-DAE1-4C99-93D8-C1971E99DECA}.Debug|Any CPU.ActiveCfg = Debug|Any CPU
		{056D93E1-DAE1-4C99-93D8-C1971E99DECA}.Debug|Any CPU.Build.0 = Debug|Any CPU
		{056D93E1-DAE1-4C99-93D8-C1971E99DECA}.Release|Any CPU.ActiveCfg = Release|Any CPU
		{056D93E1-DAE1-4C99-93D8-C1971E99DECA}.Release|Any CPU.Build.0 = Release|Any CPU
	EndGlobalSection
	GlobalSection(SolutionProperties) = preSolution
		HideSolutionNode = FALSE
	EndGlobalSection
	GlobalSection(ExtensibilityGlobals) = postSolution
		SolutionGuid = {72BA1A48-3C7B-42AB-A305-355692FA9941}
	EndGlobalSection
EndGlobal
